// !$*UTF8*$!
{
	archiveVersion = 1;
	classes = {
	};
	objectVersion = 46;
	objects = {

/* Begin PBXBuildFile section */
		5796D0511CC4251800286191 /* main.swift in Sources */ = {isa = PBXBuildFile; fileRef = 5796D0501CC4251800286191 /* main.swift */; };
		5796D0591CC4262700286191 /* order_strategy.swift in Sources */ = {isa = PBXBuildFile; fileRef = 5796D0581CC4262700286191 /* order_strategy.swift */; };
		5796D05B1CC426C100286191 /* order.swift in Sources */ = {isa = PBXBuildFile; fileRef = 5796D05A1CC426C100286191 /* order.swift */; };
		5796D05D1CC426F400286191 /* part.swift in Sources */ = {isa = PBXBuildFile; fileRef = 5796D05C1CC426F400286191 /* part.swift */; };
		5796D05F1CC4270200286191 /* car_type.swift in Sources */ = {isa = PBXBuildFile; fileRef = 5796D05E1CC4270200286191 /* car_type.swift */; };
		5796D0611CC428AD00286191 /* mechanic_order_data_provider.swift in Sources */ = {isa = PBXBuildFile; fileRef = 5796D0601CC428AD00286191 /* mechanic_order_data_provider.swift */; };
		5796D0631CC42B5000286191 /* mechanic.swift in Sources */ = {isa = PBXBuildFile; fileRef = 5796D0621CC42B5000286191 /* mechanic.swift */; };
		5796D0671CC42F8200286191 /* orderer.swift in Sources */ = {isa = PBXBuildFile; fileRef = 5796D0661CC42F8200286191 /* orderer.swift */; };
		5796D06A1CC4305A00286191 /* acme_strategy.swift in Sources */ = {isa = PBXBuildFile; fileRef = 5796D0691CC4305A00286191 /* acme_strategy.swift */; };
		5796D06D1CC4310E00286191 /* acme.swift in Sources */ = {isa = PBXBuildFile; fileRef = 5796D06C1CC4310E00286191 /* acme.swift */; };
		5796D06F1CC4358600286191 /* parts_supervisor.swift in Sources */ = {isa = PBXBuildFile; fileRef = 5796D06E1CC4358600286191 /* parts_supervisor.swift */; };
		5796D0711CC43CAC00286191 /* partsnstuff.swift in Sources */ = {isa = PBXBuildFile; fileRef = 5796D0701CC43CAC00286191 /* partsnstuff.swift */; };
		5796D0731CC43EFD00286191 /* partsnstuff_strategy.swift in Sources */ = {isa = PBXBuildFile; fileRef = 5796D0721CC43EFD00286191 /* partsnstuff_strategy.swift */; };
		5796D0751CC4405A00286191 /* autopart.swift in Sources */ = {isa = PBXBuildFile; fileRef = 5796D0741CC4405A00286191 /* autopart.swift */; };
		5796D0771CC443C200286191 /* autopart_strategy.swift in Sources */ = {isa = PBXBuildFile; fileRef = 5796D0761CC443C200286191 /* autopart_strategy.swift */; };
		5796D07A1CC44FFE00286191 /* order_manager.swift in Sources */ = {isa = PBXBuildFile; fileRef = 5796D0791CC44FFE00286191 /* order_manager.swift */; };
/* End PBXBuildFile section */

/* Begin PBXCopyFilesBuildPhase section */
		5796D04B1CC4251800286191 /* CopyFiles */ = {
			isa = PBXCopyFilesBuildPhase;
			buildActionMask = 2147483647;
			dstPath = /usr/share/man/man1/;
			dstSubfolderSpec = 0;
			files = (
			);
			runOnlyForDeploymentPostprocessing = 1;
		};
/* End PBXCopyFilesBuildPhase section */

/* Begin PBXFileReference section */
		5796D04D1CC4251800286191 /* Mechanic - Strategy */ = {isa = PBXFileReference; explicitFileType = "compiled.mach-o.executable"; includeInIndex = 0; path = "Mechanic - Strategy"; sourceTree = BUILT_PRODUCTS_DIR; };
		5796D0501CC4251800286191 /* main.swift */ = {isa = PBXFileReference; lastKnownFileType = sourcecode.swift; path = main.swift; sourceTree = "<group>"; };
		5796D0581CC4262700286191 /* order_strategy.swift */ = {isa = PBXFileReference; fileEncoding = 4; lastKnownFileType = sourcecode.swift; path = order_strategy.swift; sourceTree = "<group>"; };
		5796D05A1CC426C100286191 /* order.swift */ = {isa = PBXFileReference; fileEncoding = 4; lastKnownFileType = sourcecode.swift; path = order.swift; sourceTree = "<group>"; };
		5796D05C1CC426F400286191 /* part.swift */ = {isa = PBXFileReference; fileEncoding = 4; lastKnownFileType = sourcecode.swift; path = part.swift; sourceTree = "<group>"; };
		5796D05E1CC4270200286191 /* car_type.swift */ = {isa = PBXFileReference; fileEncoding = 4; lastKnownFileType = sourcecode.swift; path = car_type.swift; sourceTree = "<group>"; };
		5796D0601CC428AD00286191 /* mechanic_order_data_provider.swift */ = {isa = PBXFileReference; fileEncoding = 4; lastKnownFileType = sourcecode.swift; path = mechanic_order_data_provider.swift; sourceTree = "<group>"; };
		5796D0621CC42B5000286191 /* mechanic.swift */ = {isa = PBXFileReference; fileEncoding = 4; lastKnownFileType = sourcecode.swift; path = mechanic.swift; sourceTree = "<group>"; };
		5796D0661CC42F8200286191 /* orderer.swift */ = {isa = PBXFileReference; fileEncoding = 4; lastKnownFileType = sourcecode.swift; path = orderer.swift; sourceTree = "<group>"; };
		5796D0691CC4305A00286191 /* acme_strategy.swift */ = {isa = PBXFileReference; fileEncoding = 4; lastKnownFileType = sourcecode.swift; path = acme_strategy.swift; sourceTree = "<group>"; };
		5796D06C1CC4310E00286191 /* acme.swift */ = {isa = PBXFileReference; fileEncoding = 4; lastKnownFileType = sourcecode.swift; path = acme.swift; sourceTree = "<group>"; };
		5796D06E1CC4358600286191 /* parts_supervisor.swift */ = {isa = PBXFileReference; fileEncoding = 4; lastKnownFileType = sourcecode.swift; path = parts_supervisor.swift; sourceTree = "<group>"; };
		5796D0701CC43CAC00286191 /* partsnstuff.swift */ = {isa = PBXFileReference; fileEncoding = 4; lastKnownFileType = sourcecode.swift; path = partsnstuff.swift; sourceTree = "<group>"; };
		5796D0721CC43EFD00286191 /* partsnstuff_strategy.swift */ = {isa = PBXFileReference; fileEncoding = 4; lastKnownFileType = sourcecode.swift; path = partsnstuff_strategy.swift; sourceTree = "<group>"; };
		5796D0741CC4405A00286191 /* autopart.swift */ = {isa = PBXFileReference; fileEncoding = 4; lastKnownFileType = sourcecode.swift; path = autopart.swift; sourceTree = "<group>"; };
		5796D0761CC443C200286191 /* autopart_strategy.swift */ = {isa = PBXFileReference; fileEncoding = 4; lastKnownFileType = sourcecode.swift; path = autopart_strategy.swift; sourceTree = "<group>"; };
		5796D0791CC44FFE00286191 /* order_manager.swift */ = {isa = PBXFileReference; fileEncoding = 4; lastKnownFileType = sourcecode.swift; path = order_manager.swift; sourceTree = "<group>"; };
/* End PBXFileReference section */

/* Begin PBXFrameworksBuildPhase section */
		5796D04A1CC4251800286191 /* Frameworks */ = {
			isa = PBXFrameworksBuildPhase;
			buildActionMask = 2147483647;
			files = (
			);
			runOnlyForDeploymentPostprocessing = 0;
		};
/* End PBXFrameworksBuildPhase section */

/* Begin PBXGroup section */
		5796D0441CC4251800286191 = {
			isa = PBXGroup;
			children = (
				5796D04F1CC4251800286191 /* Mechanic - Strategy */,
				5796D04E1CC4251800286191 /* Products */,
			);
			sourceTree = "<group>";
		};
		5796D04E1CC4251800286191 /* Products */ = {
			isa = PBXGroup;
			children = (
				5796D04D1CC4251800286191 /* Mechanic - Strategy */,
			);
			name = Products;
			sourceTree = "<group>";
		};
		5796D04F1CC4251800286191 /* Mechanic - Strategy */ = {
			isa = PBXGroup;
			children = (
				5796D0781CC44EA300286191 /* utility */,
				5796D06B1CC430E800286191 /* vendors */,
				5796D0681CC4303800286191 /* strategies */,
				5796D0501CC4251800286191 /* main.swift */,
				5796D0581CC4262700286191 /* order_strategy.swift */,
				5796D05A1CC426C100286191 /* order.swift */,
				5796D05C1CC426F400286191 /* part.swift */,
				5796D05E1CC4270200286191 /* car_type.swift */,
				5796D0621CC42B5000286191 /* mechanic.swift */,
				5796D0661CC42F8200286191 /* orderer.swift */,
				5796D0791CC44FFE00286191 /* order_manager.swift */,
			);
			path = "Mechanic - Strategy";
			sourceTree = "<group>";
		};
		5796D0681CC4303800286191 /* strategies */ = {
			isa = PBXGroup;
			children = (
				5796D0691CC4305A00286191 /* acme_strategy.swift */,
				5796D0721CC43EFD00286191 /* partsnstuff_strategy.swift */,
				5796D0761CC443C200286191 /* autopart_strategy.swift */,
			);
			name = strategies;
			sourceTree = "<group>";
		};
		5796D06B1CC430E800286191 /* vendors */ = {
			isa = PBXGroup;
			children = (
				5796D06C1CC4310E00286191 /* acme.swift */,
				5796D0701CC43CAC00286191 /* partsnstuff.swift */,
				5796D0741CC4405A00286191 /* autopart.swift */,
			);
			name = vendors;
			sourceTree = "<group>";
		};
		5796D0781CC44EA300286191 /* utility */ = {
			isa = PBXGroup;
			children = (
				5796D06E1CC4358600286191 /* parts_supervisor.swift */,
				5796D0601CC428AD00286191 /* mechanic_order_data_provider.swift */,
			);
			name = utility;
			sourceTree = "<group>";
		};
/* End PBXGroup section */

/* Begin PBXNativeTarget section */
		5796D04C1CC4251800286191 /* Mechanic - Strategy */ = {
			isa = PBXNativeTarget;
			buildConfigurationList = 5796D0541CC4251800286191 /* Build configuration list for PBXNativeTarget "Mechanic - Strategy" */;
			buildPhases = (
				5796D0491CC4251800286191 /* Sources */,
				5796D04A1CC4251800286191 /* Frameworks */,
				5796D04B1CC4251800286191 /* CopyFiles */,
				5796D0571CC4252600286191 /* ShellScript */,
			);
			buildRules = (
			);
			dependencies = (
			);
			name = "Mechanic - Strategy";
			productName = "Mechanic - Strategy";
			productReference = 5796D04D1CC4251800286191 /* Mechanic - Strategy */;
			productType = "com.apple.product-type.tool";
		};
/* End PBXNativeTarget section */

/* Begin PBXProject section */
		5796D0451CC4251800286191 /* Project object */ = {
			isa = PBXProject;
			attributes = {
				LastSwiftUpdateCheck = 0720;
				LastUpgradeCheck = 0720;
				ORGANIZATIONNAME = "Reza Shirazian";
				TargetAttributes = {
					5796D04C1CC4251800286191 = {
						CreatedOnToolsVersion = 7.2.1;
					};
				};
			};
			buildConfigurationList = 5796D0481CC4251800286191 /* Build configuration list for PBXProject "Mechanic - Strategy" */;
			compatibilityVersion = "Xcode 3.2";
			developmentRegion = English;
			hasScannedForEncodings = 0;
			knownRegions = (
				en,
			);
			mainGroup = 5796D0441CC4251800286191;
			productRefGroup = 5796D04E1CC4251800286191 /* Products */;
			projectDirPath = "";
			projectRoot = "";
			targets = (
				5796D04C1CC4251800286191 /* Mechanic - Strategy */,
			);
		};
/* End PBXProject section */

/* Begin PBXShellScriptBuildPhase section */
		5796D0571CC4252600286191 /* ShellScript */ = {
			isa = PBXShellScriptBuildPhase;
			buildActionMask = 2147483647;
			files = (
			);
			inputPaths = (
			);
			outputPaths = (
			);
			runOnlyForDeploymentPostprocessing = 0;
			shellPath = /bin/sh;
			shellScript = "if which swiftlint >/dev/null; then\nswiftlint\nelse\necho \"warning: SwiftLint not installed, download from https://github.com/realm/SwiftLint\"\nfi";
		};
/* End PBXShellScriptBuildPhase section */

/* Begin PBXSourcesBuildPhase section */
		5796D0491CC4251800286191 /* Sources */ = {
			isa = PBXSourcesBuildPhase;
			buildActionMask = 2147483647;
			files = (
				5796D06F1CC4358600286191 /* parts_supervisor.swift in Sources */,
				5796D0631CC42B5000286191 /* mechanic.swift in Sources */,
				5796D0751CC4405A00286191 /* autopart.swift in Sources */,
				5796D0711CC43CAC00286191 /* partsnstuff.swift in Sources */,
				5796D07A1CC44FFE00286191 /* order_manager.swift in Sources */,
				5796D0671CC42F8200286191 /* orderer.swift in Sources */,
				5796D05D1CC426F400286191 /* part.swift in Sources */,
				5796D0511CC4251800286191 /* main.swift in Sources */,
				5796D0771CC443C200286191 /* autopart_strategy.swift in Sources */,
				5796D05B1CC426C100286191 /* order.swift in Sources */,
				5796D0611CC428AD00286191 /* mechanic_order_data_provider.swift in Sources */,
				5796D06D1CC4310E00286191 /* acme.swift in Sources */,
				5796D0591CC4262700286191 /* order_strategy.swift in Sources */,
				5796D06A1CC4305A00286191 /* acme_strategy.swift in Sources */,
				5796D05F1CC4270200286191 /* car_type.swift in Sources */,
				5796D0731CC43EFD00286191 /* partsnstuff_strategy.swift in Sources */,
			);
			runOnlyForDeploymentPostprocessing = 0;
		};
/* End PBXSourcesBuildPhase section */

/* Begin XCBuildConfiguration section */
		5796D0521CC4251800286191 /* Debug */ = {
			isa = XCBuildConfiguration;
			buildSettings = {
				ALWAYS_SEARCH_USER_PATHS = NO;
				CLANG_CXX_LANGUAGE_STANDARD = "gnu++0x";
				CLANG_CXX_LIBRARY = "libc++";
				CLANG_ENABLE_MODULES = YES;
				CLANG_ENABLE_OBJC_ARC = YES;
				CLANG_WARN_BOOL_CONVERSION = YES;
				CLANG_WARN_CONSTANT_CONVERSION = YES;
				CLANG_WARN_DIRECT_OBJC_ISA_USAGE = YES_ERROR;
				CLANG_WARN_EMPTY_BODY = YES;
				CLANG_WARN_ENUM_CONVERSION = YES;
				CLANG_WARN_INT_CONVERSION = YES;
				CLANG_WARN_OBJC_ROOT_CLASS = YES_ERROR;
				CLANG_WARN_UNREACHABLE_CODE = YES;
				CLANG_WARN__DUPLICATE_METHOD_MATCH = YES;
				CODE_SIGN_IDENTITY = "-";
				COPY_PHASE_STRIP = NO;
				DEBUG_INFORMATION_FORMAT = dwarf;
				ENABLE_STRICT_OBJC_MSGSEND = YES;
				ENABLE_TESTABILITY = YES;
				GCC_C_LANGUAGE_STANDARD = gnu99;
				GCC_DYNAMIC_NO_PIC = NO;
				GCC_NO_COMMON_BLOCKS = YES;
				GCC_OPTIMIZATION_LEVEL = 0;
				GCC_PREPROCESSOR_DEFINITIONS = (
					"DEBUG=1",
					"$(inherited)",
				);
				GCC_WARN_64_TO_32_BIT_CONVERSION = YES;
				GCC_WARN_ABOUT_RETURN_TYPE = YES_ERROR;
				GCC_WARN_UNDECLARED_SELECTOR = YES;
				GCC_WARN_UNINITIALIZED_AUTOS = YES_AGGRESSIVE;
				GCC_WARN_UNUSED_FUNCTION = YES;
				GCC_WARN_UNUSED_VARIABLE = YES;
				MACOSX_DEPLOYMENT_TARGET = 10.10;
				MTL_ENABLE_DEBUG_INFO = YES;
				ONLY_ACTIVE_ARCH = YES;
				SDKROOT = macosx;
				SWIFT_OPTIMIZATION_LEVEL = "-Onone";
			};
			name = Debug;
		};
		5796D0531CC4251800286191 /* Release */ = {
			isa = XCBuildConfiguration;
			buildSettings = {
				ALWAYS_SEARCH_USER_PATHS = NO;
				CLANG_CXX_LANGUAGE_STANDARD = "gnu++0x";
				CLANG_CXX_LIBRARY = "libc++";
				CLANG_ENABLE_MODULES = YES;
				CLANG_ENABLE_OBJC_ARC = YES;
				CLANG_WARN_BOOL_CONVERSION = YES;
				CLANG_WARN_CONSTANT_CONVERSION = YES;
				CLANG_WARN_DIRECT_OBJC_ISA_USAGE = YES_ERROR;
				CLANG_WARN_EMPTY_BODY = YES;
				CLANG_WARN_ENUM_CONVERSION = YES;
				CLANG_WARN_INT_CONVERSION = YES;
				CLANG_WARN_OBJC_ROOT_CLASS = YES_ERROR;
				CLANG_WARN_UNREACHABLE_CODE = YES;
				CLANG_WARN__DUPLICATE_METHOD_MATCH = YES;
				CODE_SIGN_IDENTITY = "-";
				COPY_PHASE_STRIP = NO;
				DEBUG_INFORMATION_FORMAT = "dwarf-with-dsym";
				ENABLE_NS_ASSERTIONS = NO;
				ENABLE_STRICT_OBJC_MSGSEND = YES;
				GCC_C_LANGUAGE_STANDARD = gnu99;
				GCC_NO_COMMON_BLOCKS = YES;
				GCC_WARN_64_TO_32_BIT_CONVERSION = YES;
				GCC_WARN_ABOUT_RETURN_TYPE = YES_ERROR;
				GCC_WARN_UNDECLARED_SELECTOR = YES;
				GCC_WARN_UNINITIALIZED_AUTOS = YES_AGGRESSIVE;
				GCC_WARN_UNUSED_FUNCTION = YES;
				GCC_WARN_UNUSED_VARIABLE = YES;
				MACOSX_DEPLOYMENT_TARGET = 10.10;
				MTL_ENABLE_DEBUG_INFO = NO;
				SDKROOT = macosx;
			};
			name = Release;
		};
		5796D0551CC4251800286191 /* Debug */ = {
			isa = XCBuildConfiguration;
			buildSettings = {
				PRODUCT_NAME = "$(TARGET_NAME)";
			};
			name = Debug;
		};
		5796D0561CC4251800286191 /* Release */ = {
			isa = XCBuildConfiguration;
			buildSettings = {
				PRODUCT_NAME = "$(TARGET_NAME)";
			};
			name = Release;
		};
/* End XCBuildConfiguration section */

/* Begin XCConfigurationList section */
		5796D0481CC4251800286191 /* Build configuration list for PBXProject "Mechanic - Strategy" */ = {
			isa = XCConfigurationList;
			buildConfigurations = (
				5796D0521CC4251800286191 /* Debug */,
				5796D0531CC4251800286191 /* Release */,
			);
			defaultConfigurationIsVisible = 0;
			defaultConfigurationName = Release;
		};
		5796D0541CC4251800286191 /* Build configuration list for PBXNativeTarget "Mechanic - Strategy" */ = {
			isa = XCConfigurationList;
			buildConfigurations = (
				5796D0551CC4251800286191 /* Debug */,
				5796D0561CC4251800286191 /* Release */,
			);
			defaultConfigurationIsVisible = 0;
		};
/* End XCConfigurationList section */
	};
	rootObject = 5796D0451CC4251800286191 /* Project object */;
}
